
Microsoft Visual Studio Solution File, Format Version 12.00
# Visual Studio Version 16
VisualStudioVersion = 16.0.30524.135
MinimumVisualStudioVersion = 10.0.40219.1
Project("{FAE04EC0-301F-11D3-BF4B-00C04F79EFBC}") = "FeederBot", "FeederBot\FeederBot.csproj", "{00D4B876-7B99-4BF1-A4CF-2AEF03085A2F}"
EndProject
Global
	GlobalSection(SolutionConfigurationPlatforms) = preSolution
		Debug|Any CPU = Debug|Any CPU
		Release|Any CPU = Release|Any CPU
	EndGlobalSection
	GlobalSection(ProjectConfigurationPlatforms) = postSolution
		{00D4B876-7B99-4BF1-A4CF-2AEF03085A2F}.Debug|Any CPU.ActiveCfg = Debug|Any CPU
		{00D4B876-7B99-4BF1-A4CF-2AEF03085A2F}.Debug|Any CPU.Build.0 = Debug|Any CPU
		{00D4B876-7B99-4BF1-A4CF-2AEF03085A2F}.Release|Any CPU.ActiveCfg = Release|Any CPU
		{00D4B876-7B99-4BF1-A4CF-2AEF03085A2F}.Release|Any CPU.Build.0 = Release|Any CPU
	EndGlobalSection
	GlobalSection(SolutionProperties) = preSolution
		HideSolutionNode = FALSE
	EndGlobalSection
	GlobalSection(ExtensibilityGlobals) = postSolution
		SolutionGuid = {3E84F486-8D8B-49BD-AAE2-FB746782E780}
	EndGlobalSection
EndGlobal
